{
  "name": "@gsv/files",
  "version": "0.2.6",
  "lockfileVersion": 3,
  "requires": true,
  "packages": {
    "": {
      "name": "@gsv/files",
      "version": "0.2.6",
      "dependencies": {
        "@humansandmachines/gsv": "file:../../packages/gsv",
        "preact": "^10.27.2"
      }
    },
    "../../packages/gsv": {
      "name": "@humansandmachines/gsv",
      "version": "0.0.1",
      "dependencies": {
        "marked": "^16.4.2"
      },
      "devDependencies": {
        "esbuild": "^0.27.7",
        "typescript": "^5.9.3"
      }
    },
    "node_modules/@humansandmachines/gsv": {
      "resolved": "../../packages/gsv",
      "link": true
    },
    "node_modules/preact": {
      "version": "10.29.1",
      "resolved": "https://registry.npmjs.org/preact/-/preact-10.29.1.tgz",
      "integrity": "sha512-gQCLc/vWroE8lIpleXtdJhTFDogTdZG9AjMUpVkDf2iTCNwYNWA+u16dL41TqUDJO4gm2IgrcMv3uTpjd4Pwmg==",
      "license": "MIT",
      "funding": {
        "type": "opencollective",
        "url": "https://opencollective.com/preact"
      }
    }
  }
}
